// !$*UTF8*$!
{
	archiveVersion = 1;
	classes = {
	};
	objectVersion = 46;
	objects = {

/* Begin PBXBuildFile section */
		ECD42D1413AB70A80052A415 /* UIKit.framework in Frameworks */ = {isa = PBXBuildFile; fileRef = ECD42D1313AB70A80052A415 /* UIKit.framework */; };
		ECD42D1613AB70A80052A415 /* Foundation.framework in Frameworks */ = {isa = PBXBuildFile; fileRef = ECD42D1513AB70A80052A415 /* Foundation.framework */; };
		ECD42D1813AB70A80052A415 /* CoreGraphics.framework in Frameworks */ = {isa = PBXBuildFile; fileRef = ECD42D1713AB70A80052A415 /* CoreGraphics.framework */; };
		ECD42D1E13AB70A80052A415 /* InfoPlist.strings in Resources */ = {isa = PBXBuildFile; fileRef = ECD42D1C13AB70A80052A415 /* InfoPlist.strings */; };
		ECD42D2113AB70A80052A415 /* main.m in Sources */ = {isa = PBXBuildFile; fileRef = ECD42D2013AB70A80052A415 /* main.m */; };
		ECD42D2413AB70A80052A415 /* TestAppDelegate.m in Sources */ = {isa = PBXBuildFile; fileRef = ECD42D2313AB70A80052A415 /* TestAppDelegate.m */; };
		ECD42D2713AB70A80052A415 /* MainWindow.xib in Resources */ = {isa = PBXBuildFile; fileRef = ECD42D2513AB70A80052A415 /* MainWindow.xib */; };
		ECD42D2A13AB70A80052A415 /* RootViewController.m in Sources */ = {isa = PBXBuildFile; fileRef = ECD42D2913AB70A80052A415 /* RootViewController.m */; };
		ECD42D2D13AB70A80052A415 /* RootViewController.xib in Resources */ = {isa = PBXBuildFile; fileRef = ECD42D2B13AB70A80052A415 /* RootViewController.xib */; };
		ECD42D3413AB70A80052A415 /* UIKit.framework in Frameworks */ = {isa = PBXBuildFile; fileRef = ECD42D1313AB70A80052A415 /* UIKit.framework */; };
		ECD42D3513AB70A80052A415 /* Foundation.framework in Frameworks */ = {isa = PBXBuildFile; fileRef = ECD42D1513AB70A80052A415 /* Foundation.framework */; };
		ECD42D3613AB70A80052A415 /* CoreGraphics.framework in Frameworks */ = {isa = PBXBuildFile; fileRef = ECD42D1713AB70A80052A415 /* CoreGraphics.framework */; };
		ECD42D3E13AB70A80052A415 /* InfoPlist.strings in Resources */ = {isa = PBXBuildFile; fileRef = ECD42D3C13AB70A80052A415 /* InfoPlist.strings */; };
		ECD42D4113AB70A80052A415 /* TestTests.h in Resources */ = {isa = PBXBuildFile; fileRef = ECD42D4013AB70A80052A415 /* TestTests.h */; };
		ECD42D4313AB70A80052A415 /* TestTests.m in Sources */ = {isa = PBXBuildFile; fileRef = ECD42D4213AB70A80052A415 /* TestTests.m */; };
/* End PBXBuildFile section */

/* Begin PBXContainerItemProxy section */
		ECD42D3713AB70A80052A415 /* PBXContainerItemProxy */ = {
			isa = PBXContainerItemProxy;
			containerPortal = ECD42D0613AB70A80052A415 /* Project object */;
			proxyType = 1;
			remoteGlobalIDString = ECD42D0E13AB70A80052A415;
			remoteInfo = Test;
		};
/* End PBXContainerItemProxy section */

/* Begin PBXFileReference section */
		ECD42D0F13AB70A80052A415 /* Test.app */ = {isa = PBXFileReference; explicitFileType = wrapper.application; includeInIndex = 0; path = Test.app; sourceTree = BUILT_PRODUCTS_DIR; };
		ECD42D1313AB70A80052A415 /* UIKit.framework */ = {isa = PBXFileReference; lastKnownFileType = wrapper.framework; name = UIKit.framework; path = System/Library/Frameworks/UIKit.framework; sourceTree = SDKROOT; };
		ECD42D1513AB70A80052A415 /* Foundation.framework */ = {isa = PBXFileReference; lastKnownFileType = wrapper.framework; name = Foundation.framework; path = System/Library/Frameworks/Foundation.framework; sourceTree = SDKROOT; };
		ECD42D1713AB70A80052A415 /* CoreGraphics.framework */ = {isa = PBXFileReference; lastKnownFileType = wrapper.framework; name = CoreGraphics.framework; path = System/Library/Frameworks/CoreGraphics.framework; sourceTree = SDKROOT; };
		ECD42D1B13AB70A80052A415 /* Test-Info.plist */ = {isa = PBXFileReference; path = "Test-Info.plist"; sourceTree = "<group>"; };
		ECD42D1D13AB70A80052A415 /* en */ = {isa = PBXFileReference; lastKnownFileType = text.plist.strings; name = en; path = en.lproj/InfoPlist.strings; sourceTree = "<group>"; };
		ECD42D1F13AB70A80052A415 /* Test-Prefix.pch */ = {isa = PBXFileReference; path = "Test-Prefix.pch"; sourceTree = "<group>"; };
		ECD42D2013AB70A80052A415 /* main.m */ = {isa = PBXFileReference; lastKnownFileType = sourcecode.c.objc; path = main.m; sourceTree = "<group>"; };
		ECD42D2213AB70A80052A415 /* TestAppDelegate.h */ = {isa = PBXFileReference; path = TestAppDelegate.h; sourceTree = "<group>"; };
		ECD42D2313AB70A80052A415 /* TestAppDelegate.m */ = {isa = PBXFileReference; lastKnownFileType = sourcecode.c.objc; path = TestAppDelegate.m; sourceTree = "<group>"; };
		ECD42D2613AB70A80052A415 /* en */ = {isa = PBXFileReference; lastKnownFileType = file.xib; name = en; path = en.lproj/MainWindow.xib; sourceTree = "<group>"; };
		ECD42D2813AB70A80052A415 /* RootViewController.h */ = {isa = PBXFileReference; path = RootViewController.h; sourceTree = "<group>"; };
		ECD42D2913AB70A80052A415 /* RootViewController.m */ = {isa = PBXFileReference; lastKnownFileType = sourcecode.c.objc; path = RootViewController.m; sourceTree = "<group>"; };
		ECD42D2C13AB70A80052A415 /* en */ = {isa = PBXFileReference; lastKnownFileType = file.xib; name = en; path = en.lproj/RootViewController.xib; sourceTree = "<group>"; };
		ECD42D3313AB70A80052A415 /* TestTests.octest */ = {isa = PBXFileReference; explicitFileType = wrapper.cfbundle; includeInIndex = 0; path = TestTests.octest; sourceTree = BUILT_PRODUCTS_DIR; };
		ECD42D3B13AB70A80052A415 /* TestTests-Info.plist */ = {isa = PBXFileReference; path = "TestTests-Info.plist"; sourceTree = "<group>"; };
		ECD42D3D13AB70A80052A415 /* en */ = {isa = PBXFileReference; lastKnownFileType = text.plist.strings; name = en; path = en.lproj/InfoPlist.strings; sourceTree = "<group>"; };
		ECD42D3F13AB70A80052A415 /* TestTests-Prefix.pch */ = {isa = PBXFileReference; path = "TestTests-Prefix.pch"; sourceTree = "<group>"; };
		ECD42D4013AB70A80052A415 /* TestTests.h */ = {isa = PBXFileReference; lastKnownFileType = sourcecode.c.h; path = TestTests.h; sourceTree = "<group>"; };
		ECD42D4213AB70A80052A415 /* TestTests.m */ = {isa = PBXFileReference; lastKnownFileType = sourcecode.c.objc; path = TestTests.m; sourceTree = "<group>"; };
/* End PBXFileReference section */

/* Begin PBXFrameworksBuildPhase section */
		ECD42D0C13AB70A80052A415 /* Frameworks */ = {
			isa = PBXFrameworksBuildPhase;
			buildActionMask = 2147483647;
			files = (
				ECD42D1413AB70A80052A415 /* UIKit.framework in Frameworks */,
				ECD42D1613AB70A80052A415 /* Foundation.framework in Frameworks */,
				ECD42D1813AB70A80052A415 /* CoreGraphics.framework in Frameworks */,
			);
			runOnlyForDeploymentPostprocessing = 0;
		};
		ECD42D2F13AB70A80052A415 /* Frameworks */ = {
			isa = PBXFrameworksBuildPhase;
			buildActionMask = 2147483647;
			files = (
				ECD42D3413AB70A80052A415 /* UIKit.framework in Frameworks */,
				ECD42D3513AB70A80052A415 /* Foundation.framework in Frameworks */,
				ECD42D3613AB70A80052A415 /* CoreGraphics.framework in Frameworks */,
			);
			runOnlyForDeploymentPostprocessing = 0;
		};
/* End PBXFrameworksBuildPhase section */

/* Begin PBXGroup section */
		ECD42D0413AB70A80052A415 = {
			isa = PBXGroup;
			children = (
				ECD42D1913AB70A80052A415 /* Test */,
				ECD42D3913AB70A80052A415 /* TestTests */,
				ECD42D1213AB70A80052A415 /* Frameworks */,
				ECD42D1013AB70A80052A415 /* Products */,
			);
			sourceTree = "<group>";
		};
		ECD42D1013AB70A80052A415 /* Products */ = {
			isa = PBXGroup;
			children = (
				ECD42D0F13AB70A80052A415 /* Test.app */,
				ECD42D3313AB70A80052A415 /* TestTests.octest */,
			);
			name = Products;
			sourceTree = "<group>";
		};
		ECD42D1213AB70A80052A415 /* Frameworks */ = {
			isa = PBXGroup;
			children = (
				ECD42D1313AB70A80052A415 /* UIKit.framework */,
				ECD42D1513AB70A80052A415 /* Foundation.framework */,
				ECD42D1713AB70A80052A415 /* CoreGraphics.framework */,
			);
			name = Frameworks;
			sourceTree = "<group>";
		};
		ECD42D1913AB70A80052A415 /* Test */ = {
			isa = PBXGroup;
			children = (
				ECD42D2213AB70A80052A415 /* TestAppDelegate.h */,
				ECD42D2313AB70A80052A415 /* TestAppDelegate.m */,
				ECD42D2513AB70A80052A415 /* MainWindow.xib */,
				ECD42D2813AB70A80052A415 /* RootViewController.h */,
				ECD42D2913AB70A80052A415 /* RootViewController.m */,
				ECD42D2B13AB70A80052A415 /* RootViewController.xib */,
				ECD42D1A13AB70A80052A415 /* Supporting Files */,
			);
			path = Test;
			sourceTree = "<group>";
		};
		ECD42D1A13AB70A80052A415 /* Supporting Files */ = {
			isa = PBXGroup;
			children = (
				ECD42D1B13AB70A80052A415 /* Test-Info.plist */,
				ECD42D1C13AB70A80052A415 /* InfoPlist.strings */,
				ECD42D1F13AB70A80052A415 /* Test-Prefix.pch */,
				ECD42D2013AB70A80052A415 /* main.m */,
			);
			name = "Supporting Files";
			sourceTree = "<group>";
		};
		ECD42D3913AB70A80052A415 /* TestTests */ = {
			isa = PBXGroup;
			children = (
				ECD42D4013AB70A80052A415 /* TestTests.h */,
				ECD42D4213AB70A80052A415 /* TestTests.m */,
				ECD42D3A13AB70A80052A415 /* Supporting Files */,
			);
			path = TestTests;
			sourceTree = "<group>";
		};
		ECD42D3A13AB70A80052A415 /* Supporting Files */ = {
			isa = PBXGroup;
			children = (
				ECD42D3B13AB70A80052A415 /* TestTests-Info.plist */,
				ECD42D3C13AB70A80052A415 /* InfoPlist.strings */,
				ECD42D3F13AB70A80052A415 /* TestTests-Prefix.pch */,
			);
			name = "Supporting Files";
			sourceTree = "<group>";
		};
/* End PBXGroup section */

/* Begin PBXNativeTarget section */
		ECD42D0E13AB70A80052A415 /* Test */ = {
			isa = PBXNativeTarget;
			buildConfigurationList = ECD42D4613AB70A80052A415 /* Build configuration list for PBXNativeTarget "Test" */;
			buildPhases = (
				ECD42D0B13AB70A80052A415 /* Sources */,
				ECD42D0C13AB70A80052A415 /* Frameworks */,
				ECD42D0D13AB70A80052A415 /* Resources */,
			);
			buildRules = (
			);
			dependencies = (
			);
			name = Test;
			productName = Test;
			productReference = ECD42D0F13AB70A80052A415 /* Test.app */;
			productType = "com.apple.product-type.application";
		};
		ECD42D3213AB70A80052A415 /* TestTests */ = {
			isa = PBXNativeTarget;
			buildConfigurationList = ECD42D4913AB70A80052A415 /* Build configuration list for PBXNativeTarget "TestTests" */;
			buildPhases = (
				ECD42D2E13AB70A80052A415 /* Sources */,
				ECD42D2F13AB70A80052A415 /* Frameworks */,
				ECD42D3013AB70A80052A415 /* Resources */,
				ECD42D3113AB70A80052A415 /* ShellScript */,
			);
			buildRules = (
			);
			dependencies = (
				ECD42D3813AB70A80052A415 /* PBXTargetDependency */,
			);
			name = TestTests;
			productName = TestTests;
			productReference = ECD42D3313AB70A80052A415 /* TestTests.octest */;
			productType = "com.apple.product-type.bundle";
		};
/* End PBXNativeTarget section */

/* Begin PBXProject section */
		ECD42D0613AB70A80052A415 /* Project object */ = {
			isa = PBXProject;
			attributes = {
				ORGANIZATIONNAME = "University of Reading Student";
			};
			buildConfigurationList = ECD42D0913AB70A80052A415 /* Build configuration list for PBXProject "Test" */;
			compatibilityVersion = "Xcode 3.2";
			developmentRegion = English;
			hasScannedForEncodings = 0;
			knownRegions = (
				en,
			);
			mainGroup = ECD42D0413AB70A80052A415;
			productRefGroup = ECD42D1013AB70A80052A415 /* Products */;
			projectDirPath = "";
			projectRoot = "";
			targets = (
				ECD42D0E13AB70A80052A415 /* Test */,
				ECD42D3213AB70A80052A415 /* TestTests */,
			);
		};
/* End PBXProject section */

/* Begin PBXResourcesBuildPhase section */
		ECD42D0D13AB70A80052A415 /* Resources */ = {
			isa = PBXResourcesBuildPhase;
			buildActionMask = 2147483647;
			files = (
				ECD42D1E13AB70A80052A415 /* InfoPlist.strings in Resources */,
				ECD42D2713AB70A80052A415 /* MainWindow.xib in Resources */,
				ECD42D2D13AB70A80052A415 /* RootViewController.xib in Resources */,
			);
			runOnlyForDeploymentPostprocessing = 0;
		};
		ECD42D3013AB70A80052A415 /* Resources */ = {
			isa = PBXResourcesBuildPhase;
			buildActionMask = 2147483647;
			files = (
				ECD42D3E13AB70A80052A415 /* InfoPlist.strings in Resources */,
				ECD42D4113AB70A80052A415 /* TestTests.h in Resources */,
			);
			runOnlyForDeploymentPostprocessing = 0;
		};
/* End PBXResourcesBuildPhase section */

/* Begin PBXShellScriptBuildPhase section */
		ECD42D3113AB70A80052A415 /* ShellScript */ = {
			isa = PBXShellScriptBuildPhase;
			buildActionMask = 2147483647;
			files = (
			);
			inputPaths = (
			);
			outputPaths = (
			);
			runOnlyForDeploymentPostprocessing = 0;
			shellPath = /bin/sh;
			shellScript = "# Run the unit tests in this test bundle.\n\"${SYSTEM_DEVELOPER_DIR}/Tools/RunUnitTests\"\n";
		};
/* End PBXShellScriptBuildPhase section */

/* Begin PBXSourcesBuildPhase section */
		ECD42D0B13AB70A80052A415 /* Sources */ = {
			isa = PBXSourcesBuildPhase;
			buildActionMask = 2147483647;
			files = (
				ECD42D2113AB70A80052A415 /* main.m in Sources */,
				ECD42D2413AB70A80052A415 /* TestAppDelegate.m in Sources */,
				ECD42D2A13AB70A80052A415 /* RootViewController.m in Sources */,
			);
			runOnlyForDeploymentPostprocessing = 0;
		};
		ECD42D2E13AB70A80052A415 /* Sources */ = {
			isa = PBXSourcesBuildPhase;
			buildActionMask = 2147483647;
			files = (
				ECD42D4313AB70A80052A415 /* TestTests.m in Sources */,
			);
			runOnlyForDeploymentPostprocessing = 0;
		};
/* End PBXSourcesBuildPhase section */

/* Begin PBXTargetDependency section */
		ECD42D3813AB70A80052A415 /* PBXTargetDependency */ = {
			isa = PBXTargetDependency;
			target = ECD42D0E13AB70A80052A415 /* Test */;
			targetProxy = ECD42D3713AB70A80052A415 /* PBXContainerItemProxy */;
		};
/* End PBXTargetDependency section */

/* Begin PBXVariantGroup section */
		ECD42D1C13AB70A80052A415 /* InfoPlist.strings */ = {
			isa = PBXVariantGroup;
			children = (
				ECD42D1D13AB70A80052A415 /* en */,
			);
			name = InfoPlist.strings;
			sourceTree = "<group>";
		};
		ECD42D2513AB70A80052A415 /* MainWindow.xib */ = {
			isa = PBXVariantGroup;
			children = (
				ECD42D2613AB70A80052A415 /* en */,
			);
			name = MainWindow.xib;
			sourceTree = "<group>";
		};
		ECD42D2B13AB70A80052A415 /* RootViewController.xib */ = {
			isa = PBXVariantGroup;
			children = (
				ECD42D2C13AB70A80052A415 /* en */,
			);
			name = RootViewController.xib;
			sourceTree = "<group>";
		};
		ECD42D3C13AB70A80052A415 /* InfoPlist.strings */ = {
			isa = PBXVariantGroup;
			children = (
				ECD42D3D13AB70A80052A415 /* en */,
			);
			name = InfoPlist.strings;
			sourceTree = "<group>";
		};
/* End PBXVariantGroup section */

/* Begin XCBuildConfiguration section */
		ECD42D4413AB70A80052A415 /* Debug */ = {
			isa = XCBuildConfiguration;
			buildSettings = {
				ARCHS = "$(ARCHS_STANDARD_32_BIT)";
				"CODE_SIGN_IDENTITY[sdk=iphoneos*]" = "iPhone Developer";
				GCC_C_LANGUAGE_STANDARD = gnu99;
				GCC_OPTIMIZATION_LEVEL = 0;
				GCC_PREPROCESSOR_DEFINITIONS = DEBUG;
				GCC_SYMBOLS_PRIVATE_EXTERN = NO;
				GCC_VERSION = com.apple.compilers.llvmgcc42;
				GCC_WARN_ABOUT_RETURN_TYPE = YES;
				GCC_WARN_UNUSED_VARIABLE = YES;
				IPHONEOS_DEPLOYMENT_TARGET = 4.3;
				SDKROOT = iphoneos;
			};
			name = Debug;
		};
		ECD42D4513AB70A80052A415 /* Release */ = {
			isa = XCBuildConfiguration;
			buildSettings = {
				ARCHS = "$(ARCHS_STANDARD_32_BIT)";
				"CODE_SIGN_IDENTITY[sdk=iphoneos*]" = "iPhone Developer";
				GCC_C_LANGUAGE_STANDARD = gnu99;
				GCC_VERSION = com.apple.compilers.llvmgcc42;
				GCC_WARN_ABOUT_RETURN_TYPE = YES;
				GCC_WARN_UNUSED_VARIABLE = YES;
				IPHONEOS_DEPLOYMENT_TARGET = 4.3;
				OTHER_CFLAGS = "-DNS_BLOCK_ASSERTIONS=1";
				SDKROOT = iphoneos;
			};
			name = Release;
		};
		ECD42D4713AB70A80052A415 /* Debug */ = {
			isa = XCBuildConfiguration;
			buildSettings = {
				ALWAYS_SEARCH_USER_PATHS = NO;
				COPY_PHASE_STRIP = NO;
				GCC_DYNAMIC_NO_PIC = NO;
				GCC_PRECOMPILE_PREFIX_HEADER = YES;
				GCC_PREFIX_HEADER = "Test/Test-Prefix.pch";
				INFOPLIST_FILE = "Test/Test-Info.plist";
				PRODUCT_NAME = "$(TARGET_NAME)";
				WRAPPER_EXTENSION = app;
			};
			name = Debug;
		};
		ECD42D4813AB70A80052A415 /* Release */ = {
			isa = XCBuildConfiguration;
			buildSettings = {
				ALWAYS_SEARCH_USER_PATHS = NO;
				COPY_PHASE_STRIP = YES;
				GCC_PRECOMPILE_PREFIX_HEADER = YES;
				GCC_PREFIX_HEADER = "Test/Test-Prefix.pch";
				INFOPLIST_FILE = "Test/Test-Info.plist";
				PRODUCT_NAME = "$(TARGET_NAME)";
				VALIDATE_PRODUCT = YES;
				WRAPPER_EXTENSION = app;
			};
			name = Release;
		};
		ECD42D4A13AB70A80052A415 /* Debug */ = {
			isa = XCBuildConfiguration;
			buildSettings = {
				ALWAYS_SEARCH_USER_PATHS = NO;
				BUNDLE_LOADER = "$(BUILT_PRODUCTS_DIR)/Test.app/Test";
				FRAMEWORK_SEARCH_PATHS = (
					"$(SDKROOT)/Developer/Library/Frameworks",
					"$(DEVELOPER_LIBRARY_DIR)/Frameworks",
				);
				GCC_PRECOMPILE_PREFIX_HEADER = YES;
				GCC_PREFIX_HEADER = "TestTests/TestTests-Prefix.pch";
				INFOPLIST_FILE = "TestTests/TestTests-Info.plist";
				OTHER_LDFLAGS = (
					"-framework",
					SenTestingKit,
				);
				PRODUCT_NAME = "$(TARGET_NAME)";
				TEST_HOST = "$(BUNDLE_LOADER)";
				WRAPPER_EXTENSION = octest;
			};
			name = Debug;
		};
		ECD42D4B13AB70A80052A415 /* Release */ = {
			isa = XCBuildConfiguration;
			buildSettings = {
				ALWAYS_SEARCH_USER_PATHS = NO;
				BUNDLE_LOADER = "$(BUILT_PRODUCTS_DIR)/Test.app/Test";
				FRAMEWORK_SEARCH_PATHS = (
					"$(SDKROOT)/Developer/Library/Frameworks",
					"$(DEVELOPER_LIBRARY_DIR)/Frameworks",
				);
				GCC_PRECOMPILE_PREFIX_HEADER = YES;
				GCC_PREFIX_HEADER = "TestTests/TestTests-Prefix.pch";
				INFOPLIST_FILE = "TestTests/TestTests-Info.plist";
				OTHER_LDFLAGS = (
					"-framework",
					SenTestingKit,
				);
				PRODUCT_NAME = "$(TARGET_NAME)";
				TEST_HOST = "$(BUNDLE_LOADER)";
				WRAPPER_EXTENSION = octest;
			};
			name = Release;
		};
/* End XCBuildConfiguration section */

/* Begin XCConfigurationList section */
		ECD42D0913AB70A80052A415 /* Build configuration list for PBXProject "Test" */ = {
			isa = XCConfigurationList;
			buildConfigurations = (
				ECD42D4413AB70A80052A415 /* Debug */,
				ECD42D4513AB70A80052A415 /* Release */,
			);
			defaultConfigurationIsVisible = 0;
			defaultConfigurationName = Release;
		};
		ECD42D4613AB70A80052A415 /* Build configuration list for PBXNativeTarget "Test" */ = {
			isa = XCConfigurationList;
			buildConfigurations = (
				ECD42D4713AB70A80052A415 /* Debug */,
				ECD42D4813AB70A80052A415 /* Release */,
			);
			defaultConfigurationIsVisible = 0;
		};
		ECD42D4913AB70A80052A415 /* Build configuration list for PBXNativeTarget "TestTests" */ = {
			isa = XCConfigurationList;
			buildConfigurations = (
				ECD42D4A13AB70A80052A415 /* Debug */,
				ECD42D4B13AB70A80052A415 /* Release */,
			);
			defaultConfigurationIsVisible = 0;
		};
/* End XCConfigurationList section */
	};
	rootObject = ECD42D0613AB70A80052A415 /* Project object */;
}
